{
  "nodes": {
    "foundryvtt": {
      "inputs": {
        "nixpkgs": "nixpkgs"
      },
      "locked": {
        "lastModified": 1746877938,
        "narHash": "sha256-N9J96pSPg4vbozV+ZZ++dwLnMIf2Le6ONNMO0kZCj1M=",
        "owner": "reckenrode",
        "repo": "nix-foundryvtt",
        "rev": "f1b401831d796dd94cf5a11b65fd169a199d4ff0",
        "type": "github"
      },
      "original": {
        "owner": "reckenrode",
        "repo": "nix-foundryvtt",
        "rev": "f1b401831d796dd94cf5a11b65fd169a199d4ff0",
        "type": "github"
      }
    },
    "home-manager": {
      "inputs": {
        "nixpkgs": [
          "nixpkgs"
        ]
      },
      "locked": {
        "lastModified": 1757808926,
        "narHash": "sha256-K6PEI5PYY94TVMH0mX3MbZNYFme7oNRKml/85BpRRAo=",
        "owner": "nix-community",
        "repo": "home-manager",
        "rev": "f21d9167782c086a33ad53e2311854a8f13c281e",
        "type": "github"
      },
      "original": {
        "owner": "nix-community",
        "ref": "release-25.05",
        "repo": "home-manager",
        "type": "github"
      }
    },
    "nixos-hardware": {
      "locked": {
        "lastModified": 1757775351,
        "narHash": "sha256-xWsxmNHwt9jV/yFJqzsNeilpH4BR8MPe44Yt0eaGAIM=",
        "owner": "NixOS",
        "repo": "nixos-hardware",
        "rev": "f89c620d3d6e584d98280b48f0af7be4f8506ab5",
        "type": "github"
      },
      "original": {
        "owner": "NixOS",
        "ref": "master",
        "repo": "nixos-hardware",
        "type": "github"
      }
    },
    "nixpkgs": {
      "locked": {
        "lastModified": 1746557022,
        "narHash": "sha256-QkNoyEf6TbaTW5UZYX0OkwIJ/ZMeKSSoOMnSDPQuol0=",
        "owner": "nixos",
        "repo": "nixpkgs",
        "rev": "1d3aeb5a193b9ff13f63f4d9cc169fb88129f860",
        "type": "github"
      },
      "original": {
        "owner": "nixos",
        "ref": "nixos-24.11",
        "repo": "nixpkgs",
        "type": "github"
      }
    },
    "nixpkgs-unstable": {
      "locked": {
        "lastModified": 1757745802,
        "narHash": "sha256-hLEO2TPj55KcUFUU1vgtHE9UEIOjRcH/4QbmfHNF820=",
        "owner": "nixos",
        "repo": "nixpkgs",
        "rev": "c23193b943c6c689d70ee98ce3128239ed9e32d1",
        "type": "github"
      },
      "original": {
        "owner": "nixos",
        "ref": "nixos-unstable",
        "repo": "nixpkgs",
        "type": "github"
      }
    },
    "nixpkgs_2": {
      "locked": {
        "lastModified": 1757810152,
        "narHash": "sha256-Vp9K5ol6h0J90jG7Rm4RWZsCB3x7v5VPx588TQ1dkfs=",
        "owner": "nixos",
        "repo": "nixpkgs",
        "rev": "9a094440e02a699be5c57453a092a8baf569bdad",
        "type": "github"
      },
      "original": {
        "owner": "nixos",
        "ref": "nixos-25.05",
        "repo": "nixpkgs",
        "type": "github"
      }
    },
    "nixpkgs_3": {
      "locked": {
        "lastModified": 1757746433,
        "narHash": "sha256-fEvTiU4s9lWgW7mYEU/1QUPirgkn+odUBTaindgiziY=",
        "owner": "NixOS",
        "repo": "nixpkgs",
        "rev": "6d7ec06d6868ac6d94c371458fc2391ded9ff13d",
        "type": "github"
      },
      "original": {
        "owner": "NixOS",
        "ref": "nixpkgs-unstable",
        "repo": "nixpkgs",
        "type": "github"
      }
    },
    "root": {
      "inputs": {
        "foundryvtt": "foundryvtt",
        "home-manager": "home-manager",
        "nixos-hardware": "nixos-hardware",
        "nixpkgs": "nixpkgs_2",
        "nixpkgs-unstable": "nixpkgs-unstable",
        "sops-nix": "sops-nix"
      }
    },
    "sops-nix": {
      "inputs": {
        "nixpkgs": "nixpkgs_3"
      },
      "locked": {
        "lastModified": 1757847158,
        "narHash": "sha256-TumOaykhZO8SOs/faz6GQhqkOcFLoQvESLSF1cJ4mZc=",
        "owner": "Mic92",
        "repo": "sops-nix",
        "rev": "ee6f91c1c11acf7957d94a130de77561ec24b8ab",
        "type": "github"
      },
      "original": {
        "owner": "Mic92",
        "repo": "sops-nix",
        "type": "github"
      }
    }
  },
  "root": "root",
  "version": 7
}
